{
  "name": "RTK-CRUD-CreateAsyncThunk",
  "lockfileVersion": 3,
  "requires": true,
  "packages": {
    "": {
      "dependencies": {
        "antd": "^5.12.6",
        "dom": "^0.0.3",
        "react": "^18.2.0",
        "react-router-dom": "^6.21.1",
        "router": "^1.3.8"
      }
    },
    "node_modules/@ant-design/colors": {
      "version": "7.0.1",
      "resolved": "https://registry.npmjs.org/@ant-design/colors/-/colors-7.0.1.tgz",
      "integrity": "sha512-SrZBQcrXNmrH8TJPXZReYcXs4jSqkwNS3EEhpN6esBI9sNX70g5LZP05/uSPjflkIt2orvjivQ/ywVBqTbHZ+A==",
      "dependencies": {
        "@ctrl/tinycolor": "^4.0.2"
      }
    },
    "node_modules/@ant-design/cssinjs": {
      "version": "1.18.2",
      "resolved": "https://registry.npmjs.org/@ant-design/cssinjs/-/cssinjs-1.18.2.tgz",
      "integrity": "sha512-514V9rjLaFYb3v4s55/8bg2E6fb81b99s3crDZf4nSwtiDLLXs8axnIph+q2TVkY2hbJPZOn/cVsVcnLkzFy7w==",
      "dependencies": {
        "@babel/runtime": "^7.11.1",
        "@emotion/hash": "^0.8.0",
        "@emotion/unitless": "^0.7.5",
        "classnames": "^2.3.1",
        "csstype": "^3.1.3",
        "rc-util": "^5.35.0",
        "stylis": "^4.0.13"
      },
      "peerDependencies": {
        "react": ">=16.0.0",
        "react-dom": ">=16.0.0"
      }
    },
    "node_modules/@ant-design/icons": {
      "version": "5.2.6",
      "resolved": "https://registry.npmjs.org/@ant-design/icons/-/icons-5.2.6.tgz",
      "integrity": "sha512-4wn0WShF43TrggskBJPRqCD0fcHbzTYjnaoskdiJrVHg86yxoZ8ZUqsXvyn4WUqehRiFKnaclOhqk9w4Ui2KVw==",
      "dependencies": {
        "@ant-design/colors": "^7.0.0",
        "@ant-design/icons-svg": "^4.3.0",
        "@babel/runtime": "^7.11.2",
        "classnames": "^2.2.6",
        "rc-util": "^5.31.1"
      },
      "engines": {
        "node": ">=8"
      },
      "peerDependencies": {
        "react": ">=16.0.0",
        "react-dom": ">=16.0.0"
      }
    },
    "node_modules/@ant-design/icons-svg": {
      "version": "4.3.1",
      "resolved": "https://registry.npmjs.org/@ant-design/icons-svg/-/icons-svg-4.3.1.tgz",
      "integrity": "sha512-4QBZg8ccyC6LPIRii7A0bZUk3+lEDCLnhB+FVsflGdcWPPmV+j3fire4AwwoqHV/BibgvBmR9ZIo4s867smv+g=="
    },
    "node_modules/@ant-design/react-slick": {
      "version": "1.0.2",
      "resolved": "https://registry.npmjs.org/@ant-design/react-slick/-/react-slick-1.0.2.tgz",
      "integrity": "sha512-Wj8onxL/T8KQLFFiCA4t8eIRGpRR+UPgOdac2sYzonv+i0n3kXHmvHLLiOYL655DQx2Umii9Y9nNgL7ssu5haQ==",
      "dependencies": {
        "@babel/runtime": "^7.10.4",
        "classnames": "^2.2.5",
        "json2mq": "^0.2.0",
        "resize-observer-polyfill": "^1.5.1",
        "throttle-debounce": "^5.0.0"
      },
      "peerDependencies": {
        "react": ">=16.9.0"
      }
    },
    "node_modules/@babel/runtime": {
      "version": "7.23.7",
      "resolved": "https://registry.npmjs.org/@babel/runtime/-/runtime-7.23.7.tgz",
      "integrity": "sha512-w06OXVOFso7LcbzMiDGt+3X7Rh7Ho8MmgPoWU3rarH+8upf+wSU/grlGbWzQyr3DkdN6ZeuMFjpdwW0Q+HxobA==",
      "dependencies": {
        "regenerator-runtime": "^0.14.0"
      },
      "engines": {
        "node": ">=6.9.0"
      }
    },
    "node_modules/@ctrl/tinycolor": {
      "version": "4.0.2",
      "resolved": "https://registry.npmjs.org/@ctrl/tinycolor/-/tinycolor-4.0.2.tgz",
      "integrity": "sha512-fKQinXE9pJ83J1n+C3rDl2xNLJwfoYNvXLRy5cYZA9hBJJw2q+sbb/AOSNKmLxnTWyNTmy4994dueSwP4opi5g==",
      "engines": {
        "node": ">=14"
      }
    },
    "node_modules/@emotion/hash": {
      "version": "0.8.0",
      "resolved": "https://registry.npmjs.org/@emotion/hash/-/hash-0.8.0.tgz",
      "integrity": "sha512-kBJtf7PH6aWwZ6fka3zQ0p6SBYzx4fl1LoZXE2RrnYST9Xljm7WfKJrU4g/Xr3Beg72MLrp1AWNUmuYJTL7Cow=="
    },
    "node_modules/@emotion/unitless": {
      "version": "0.7.5",
      "resolved": "https://registry.npmjs.org/@emotion/unitless/-/unitless-0.7.5.tgz",
      "integrity": "sha512-OWORNpfjMsSSUBVrRBVGECkhWcULOAJz9ZW8uK9qgxD+87M7jHRcvh/A96XXNhXTLmKcoYSQtBEX7lHMO7YRwg=="
    },
    "node_modules/@rc-component/color-picker": {
      "version": "1.5.0",
      "resolved": "https://registry.npmjs.org/@rc-component/color-picker/-/color-picker-1.5.0.tgz",
      "integrity": "sha512-sWZCV0VAJlSYfo8FwpHVK0UZUSECddYxkLUGjiYuc9cOVVB/+hYr0BJbgzSG21MWYad3Wl8O0qBwalBsK4J4Dg==",
      "dependencies": {
        "@babel/runtime": "^7.23.6",
        "@ctrl/tinycolor": "^4.0.2",
        "classnames": "^2.2.6",
        "rc-util": "^5.38.1"
      },
      "peerDependencies": {
        "react": ">=16.9.0",
        "react-dom": ">=16.9.0"
      }
    },
    "node_modules/@rc-component/context": {
      "version": "1.4.0",
      "resolved": "https://registry.npmjs.org/@rc-component/context/-/context-1.4.0.tgz",
      "integrity": "sha512-kFcNxg9oLRMoL3qki0OMxK+7g5mypjgaaJp/pkOis/6rVxma9nJBF/8kCIuTYHUQNr0ii7MxqE33wirPZLJQ2w==",
      "dependencies": {
        "@babel/runtime": "^7.10.1",
        "rc-util": "^5.27.0"
      },
      "peerDependencies": {
        "react": ">=16.9.0",
        "react-dom": ">=16.9.0"
      }
    },
    "node_modules/@rc-component/mini-decimal": {
      "version": "1.1.0",
      "resolved": "https://registry.npmjs.org/@rc-component/mini-decimal/-/mini-decimal-1.1.0.tgz",
      "integrity": "sha512-jS4E7T9Li2GuYwI6PyiVXmxTiM6b07rlD9Ge8uGZSCz3WlzcG5ZK7g5bbuKNeZ9pgUuPK/5guV781ujdVpm4HQ==",
      "dependencies": {
        "@babel/runtime": "^7.18.0"
      },
      "engines": {
        "node": ">=8.x"
      }
    },
    "node_modules/@rc-component/mutate-observer": {
      "version": "1.1.0",
      "resolved": "https://registry.npmjs.org/@rc-component/mutate-observer/-/mutate-observer-1.1.0.tgz",
      "integrity": "sha512-QjrOsDXQusNwGZPf4/qRQasg7UFEj06XiCJ8iuiq/Io7CrHrgVi6Uuetw60WAMG1799v+aM8kyc+1L/GBbHSlw==",
      "dependencies": {
        "@babel/runtime": "^7.18.0",
        "classnames": "^2.3.2",
        "rc-util": "^5.24.4"
      },
      "engines": {
        "node": ">=8.x"
      },
      "peerDependencies": {
        "react": ">=16.9.0",
        "react-dom": ">=16.9.0"
      }
    },
    "node_modules/@rc-component/portal": {
      "version": "1.1.2",
      "resolved": "https://registry.npmjs.org/@rc-component/portal/-/portal-1.1.2.tgz",
      "integrity": "sha512-6f813C0IsasTZms08kfA8kPAGxbbkYToa8ALaiDIGGECU4i9hj8Plgbx0sNJDrey3EtHO30hmdaxtT0138xZcg==",
      "dependencies": {
        "@babel/runtime": "^7.18.0",
        "classnames": "^2.3.2",
        "rc-util": "^5.24.4"
      },
      "engines": {
        "node": ">=8.x"
      },
      "peerDependencies": {
        "react": ">=16.9.0",
        "react-dom": ">=16.9.0"
      }
    },
    "node_modules/@rc-component/tour": {
      "version": "1.11.1",
      "resolved": "https://registry.npmjs.org/@rc-component/tour/-/tour-1.11.1.tgz",
      "integrity": "sha512-c9Lw3/oVinj5D64Rsp8aDLOXcgdViE+hq7bj0Qoo8fTuQEh9sSpUw5OZcum943JkjeIE4hLcc5FD4a5ANtMJ4w==",
      "dependencies": {
        "@babel/runtime": "^7.18.0",
        "@rc-component/portal": "^1.0.0-9",
        "@rc-component/trigger": "^1.3.6",
        "classnames": "^2.3.2",
        "rc-util": "^5.24.4"
      },
      "engines": {
        "node": ">=8.x"
      },
      "peerDependencies": {
        "react": ">=16.9.0",
        "react-dom": ">=16.9.0"
      }
    },
    "node_modules/@rc-component/trigger": {
      "version": "1.18.2",
      "resolved": "https://registry.npmjs.org/@rc-component/trigger/-/trigger-1.18.2.tgz",
      "integrity": "sha512-jRLYgFgjLEPq3MvS87fIhcfuywFSRDaDrYw1FLku7Cm4esszvzTbA0JBsyacAyLrK9rF3TiHFcvoEDMzoD3CTA==",
      "dependencies": {
        "@babel/runtime": "^7.23.2",
        "@rc-component/portal": "^1.1.0",
        "classnames": "^2.3.2",
        "rc-motion": "^2.0.0",
        "rc-resize-observer": "^1.3.1",
        "rc-util": "^5.38.0"
      },
      "engines": {
        "node": ">=8.x"
      },
      "peerDependencies": {
        "react": ">=16.9.0",
        "react-dom": ">=16.9.0"
      }
    },
    "node_modules/@remix-run/router": {
      "version": "1.14.1",
      "resolved": "https://registry.npmjs.org/@remix-run/router/-/router-1.14.1.tgz",
      "integrity": "sha512-Qg4DMQsfPNAs88rb2xkdk03N3bjK4jgX5fR24eHCTR9q6PrhZQZ4UJBPzCHJkIpTRN1UKxx2DzjZmnC+7Lj0Ow==",
      "engines": {
        "node": ">=14.0.0"
      }
    },
    "node_modules/antd": {
      "version": "5.12.6",
      "resolved": "https://registry.npmjs.org/antd/-/antd-5.12.6.tgz",
      "integrity": "sha512-Fbv+99dONoR7gXpKfaUYKYMxLMx1WJfdwb/A7TW35oXrecn6O1HyiujJm5RdGDdHXkpBirKJ3+jTlD/Mm6Tmag==",
      "dependencies": {
        "@ant-design/colors": "^7.0.1",
        "@ant-design/cssinjs": "^1.18.2",
        "@ant-design/icons": "^5.2.6",
        "@ant-design/react-slick": "~1.0.2",
        "@babel/runtime": "^7.23.6",
        "@ctrl/tinycolor": "^4.0.2",
        "@rc-component/color-picker": "~1.5.0",
        "@rc-component/mutate-observer": "^1.1.0",
        "@rc-component/tour": "~1.11.1",
        "@rc-component/trigger": "^1.18.2",
        "classnames": "^2.5.0",
        "copy-to-clipboard": "^3.3.3",
        "dayjs": "^1.11.10",
        "qrcode.react": "^3.1.0",
        "rc-cascader": "~3.20.0",
        "rc-checkbox": "~3.1.0",
        "rc-collapse": "~3.7.2",
        "rc-dialog": "~9.3.4",
        "rc-drawer": "~6.5.2",
        "rc-dropdown": "~4.1.0",
        "rc-field-form": "~1.41.0",
        "rc-image": "~7.5.1",
        "rc-input": "~1.3.11",
        "rc-input-number": "~8.4.0",
        "rc-mentions": "~2.9.1",
        "rc-menu": "~9.12.4",
        "rc-motion": "^2.9.0",
        "rc-notification": "~5.3.0",
        "rc-pagination": "~4.0.4",
        "rc-picker": "~3.14.6",
        "rc-progress": "~3.5.1",
        "rc-rate": "~2.12.0",
        "rc-resize-observer": "^1.4.0",
        "rc-segmented": "~2.2.2",
        "rc-select": "~14.10.0",
        "rc-slider": "~10.5.0",
        "rc-steps": "~6.0.1",
        "rc-switch": "~4.1.0",
        "rc-table": "~7.36.1",
        "rc-tabs": "~12.14.1",
        "rc-textarea": "~1.5.3",
        "rc-tooltip": "~6.1.3",
        "rc-tree": "~5.8.2",
        "rc-tree-select": "~5.15.0",
        "rc-upload": "~4.5.2",
        "rc-util": "^5.38.1",
        "scroll-into-view-if-needed": "^3.1.0",
        "throttle-debounce": "^5.0.0"
      },
      "funding": {
        "type": "opencollective",
        "url": "https://opencollective.com/ant-design"
      },
      "peerDependencies": {
        "react": ">=16.9.0",
        "react-dom": ">=16.9.0"
      }
    },
    "node_modules/array-flatten": {
      "version": "3.0.0",
      "resolved": "https://registry.npmjs.org/array-flatten/-/array-flatten-3.0.0.tgz",
      "integrity": "sha512-zPMVc3ZYlGLNk4mpK1NzP2wg0ml9t7fUgDsayR5Y5rSzxQilzR9FGu/EH2jQOcKSAeAfWeylyW8juy3OkWRvNA=="
    },
    "node_modules/array-tree-filter": {
      "version": "2.1.0",
      "resolved": "https://registry.npmjs.org/array-tree-filter/-/array-tree-filter-2.1.0.tgz",
      "integrity": "sha512-4ROwICNlNw/Hqa9v+rk5h22KjmzB1JGTMVKP2AKJBOCgb0yL0ASf0+YvCcLNNwquOHNX48jkeZIJ3a+oOQqKcw=="
    },
    "node_modules/async-validator": {
      "version": "4.2.5",
      "resolved": "https://registry.npmjs.org/async-validator/-/async-validator-4.2.5.tgz",
      "integrity": "sha512-7HhHjtERjqlNbZtqNqy2rckN/SpOOlmDliet+lP7k+eKZEjPk3DgyeU9lIXLdeLz0uBbbVp+9Qdow9wJWgwwfg=="
    },
    "node_modules/classnames": {
      "version": "2.5.1",
      "resolved": "https://registry.npmjs.org/classnames/-/classnames-2.5.1.tgz",
      "integrity": "sha512-saHYOzhIQs6wy2sVxTM6bUDsQO4F50V9RQ22qBpEdCW+I+/Wmke2HOl6lS6dTpdxVhb88/I6+Hs+438c3lfUow=="
    },
    "node_modules/compute-scroll-into-view": {
      "version": "3.1.0",
      "resolved": "https://registry.npmjs.org/compute-scroll-into-view/-/compute-scroll-into-view-3.1.0.tgz",
      "integrity": "sha512-rj8l8pD4bJ1nx+dAkMhV1xB5RuZEyVysfxJqB1pRchh1KVvwOv9b7CGB8ZfjTImVv2oF+sYMUkMZq6Na5Ftmbg=="
    },
    "node_modules/copy-to-clipboard": {
      "version": "3.3.3",
      "resolved": "https://registry.npmjs.org/copy-to-clipboard/-/copy-to-clipboard-3.3.3.tgz",
      "integrity": "sha512-2KV8NhB5JqC3ky0r9PMCAZKbUHSwtEo4CwCs0KXgruG43gX5PMqDEBbVU4OUzw2MuAWUfsuFmWvEKG5QRfSnJA==",
      "dependencies": {
        "toggle-selection": "^1.0.6"
      }
    },
    "node_modules/csstype": {
      "version": "3.1.3",
      "resolved": "https://registry.npmjs.org/csstype/-/csstype-3.1.3.tgz",
      "integrity": "sha512-M1uQkMl8rQK/szD0LNhtqxIPLpimGm8sOBwU7lLnCpSbTyY3yeU1Vc7l4KT5zT4s/yOxHH5O7tIuuLOCnLADRw=="
    },
    "node_modules/dayjs": {
      "version": "1.11.10",
      "resolved": "https://registry.npmjs.org/dayjs/-/dayjs-1.11.10.tgz",
      "integrity": "sha512-vjAczensTgRcqDERK0SR2XMwsF/tSvnvlv6VcF2GIhg6Sx4yOIt/irsr1RDJsKiIyBzJDpCoXiWWq28MqH2cnQ=="
    },
    "node_modules/debug": {
      "version": "2.6.9",
      "resolved": "https://registry.npmjs.org/debug/-/debug-2.6.9.tgz",
      "integrity": "sha512-bC7ElrdJaJnPbAP+1EotYvqZsb3ecl5wi6Bfi6BJTUcNowp6cvspg0jXznRTKDjm/E7AdgFBVeAPVMNcKGsHMA==",
      "dependencies": {
        "ms": "2.0.0"
      }
    },
    "node_modules/dom": {
      "version": "0.0.3",
      "resolved": "https://registry.npmjs.org/dom/-/dom-0.0.3.tgz",
      "integrity": "sha512-Uzda1zIAXO8JG2fm6IbJcdzBrRaC5Q308HTIjCXCQHh7ZVACJOeQzYYvd99plJ2/HUpZQk9IxNI/Y+QrO6poIQ=="
    },
    "node_modules/js-tokens": {
      "version": "4.0.0",
      "resolved": "https://registry.npmjs.org/js-tokens/-/js-tokens-4.0.0.tgz",
      "integrity": "sha512-RdJUflcE3cUzKiMqQgsCu06FPu9UdIJO0beYbPhHN4k6apgJtifcoCtT9bcxOpYBtpD2kCM6Sbzg4CausW/PKQ=="
    },
    "node_modules/json2mq": {
      "version": "0.2.0",
      "resolved": "https://registry.npmjs.org/json2mq/-/json2mq-0.2.0.tgz",
      "integrity": "sha512-SzoRg7ux5DWTII9J2qkrZrqV1gt+rTaoufMxEzXbS26Uid0NwaJd123HcoB80TgubEppxxIGdNxCx50fEoEWQA==",
      "dependencies": {
        "string-convert": "^0.2.0"
      }
    },
    "node_modules/loose-envify": {
      "version": "1.4.0",
      "resolved": "https://registry.npmjs.org/loose-envify/-/loose-envify-1.4.0.tgz",
      "integrity": "sha512-lyuxPGr/Wfhrlem2CL/UcnUc1zcqKAImBDzukY7Y5F/yQiNdko6+fRLevlw1HgMySw7f611UIY408EtxRSoK3Q==",
      "dependencies": {
        "js-tokens": "^3.0.0 || ^4.0.0"
      },
      "bin": {
        "loose-envify": "cli.js"
      }
    },
    "node_modules/methods": {
      "version": "1.1.2",
      "resolved": "https://registry.npmjs.org/methods/-/methods-1.1.2.tgz",
      "integrity": "sha512-iclAHeNqNm68zFtnZ0e+1L2yUIdvzNoauKU4WBA3VvH/vPFieF7qfRlwUZU+DA9P9bPXIS90ulxoUoCH23sV2w==",
      "engines": {
        "node": ">= 0.6"
      }
    },
    "node_modules/ms": {
      "version": "2.0.0",
      "resolved": "https://registry.npmjs.org/ms/-/ms-2.0.0.tgz",
      "integrity": "sha512-Tpp60P6IUJDTuOq/5Z8cdskzJujfwqfOTkrwIwj7IRISpnkJnT6SyJ4PCPnGMoFjC9ddhal5KVIYtAt97ix05A=="
    },
    "node_modules/parseurl": {
      "version": "1.3.3",
      "resolved": "https://registry.npmjs.org/parseurl/-/parseurl-1.3.3.tgz",
      "integrity": "sha512-CiyeOxFT/JZyN5m0z9PfXw4SCBJ6Sygz1Dpl0wqjlhDEGGBP1GnsUVEL0p63hoG1fcj3fHynXi9NYO4nWOL+qQ==",
      "engines": {
        "node": ">= 0.8"
      }
    },
    "node_modules/path-to-regexp": {
      "version": "0.1.7",
      "resolved": "https://registry.npmjs.org/path-to-regexp/-/path-to-regexp-0.1.7.tgz",
      "integrity": "sha512-5DFkuoqlv1uYQKxy8omFBeJPQcdoE07Kv2sferDCrAq1ohOU+MSDswDIbnx3YAM60qIOnYa53wBhXW0EbMonrQ=="
    },
    "node_modules/qrcode.react": {
      "version": "3.1.0",
      "resolved": "https://registry.npmjs.org/qrcode.react/-/qrcode.react-3.1.0.tgz",
      "integrity": "sha512-oyF+Urr3oAMUG/OiOuONL3HXM+53wvuH3mtIWQrYmsXoAq0DkvZp2RYUWFSMFtbdOpuS++9v+WAkzNVkMlNW6Q==",
      "peerDependencies": {
        "react": "^16.8.0 || ^17.0.0 || ^18.0.0"
      }
    },
    "node_modules/rc-cascader": {
      "version": "3.20.0",
      "resolved": "https://registry.npmjs.org/rc-cascader/-/rc-cascader-3.20.0.tgz",
      "integrity": "sha512-lkT9EEwOcYdjZ/jvhLoXGzprK1sijT3/Tp4BLxQQcHDZkkOzzwYQC9HgmKoJz0K7CukMfgvO9KqHeBdgE+pELw==",
      "dependencies": {
        "@babel/runtime": "^7.12.5",
        "array-tree-filter": "^2.1.0",
        "classnames": "^2.3.1",
        "rc-select": "~14.10.0",
        "rc-tree": "~5.8.1",
        "rc-util": "^5.37.0"
      },
      "peerDependencies": {
        "react": ">=16.9.0",
        "react-dom": ">=16.9.0"
      }
    },
    "node_modules/rc-checkbox": {
      "version": "3.1.0",
      "resolved": "https://registry.npmjs.org/rc-checkbox/-/rc-checkbox-3.1.0.tgz",
      "integrity": "sha512-PAwpJFnBa3Ei+5pyqMMXdcKYKNBMS+TvSDiLdDnARnMJHC8ESxwPfm4Ao1gJiKtWLdmGfigascnCpwrHFgoOBQ==",
      "dependencies": {
        "@babel/runtime": "^7.10.1",
        "classnames": "^2.3.2",
        "rc-util": "^5.25.2"
      },
      "peerDependencies": {
        "react": ">=16.9.0",
        "react-dom": ">=16.9.0"
      }
    },
    "node_modules/rc-collapse": {
      "version": "3.7.2",
      "resolved": "https://registry.npmjs.org/rc-collapse/-/rc-collapse-3.7.2.tgz",
      "integrity": "sha512-ZRw6ipDyOnfLFySxAiCMdbHtb5ePAsB9mT17PA6y1mRD/W6KHRaZeb5qK/X9xDV1CqgyxMpzw0VdS74PCcUk4A==",
      "dependencies": {
        "@babel/runtime": "^7.10.1",
        "classnames": "2.x",
        "rc-motion": "^2.3.4",
        "rc-util": "^5.27.0"
      },
      "peerDependencies": {
        "react": ">=16.9.0",
        "react-dom": ">=16.9.0"
      }
    },
    "node_modules/rc-dialog": {
      "version": "9.3.4",
      "resolved": "https://registry.npmjs.org/rc-dialog/-/rc-dialog-9.3.4.tgz",
      "integrity": "sha512-975X3018GhR+EjZFbxA2Z57SX5rnu0G0/OxFgMMvZK4/hQWEm3MHaNvP4wXpxYDoJsp+xUvVW+GB9CMMCm81jA==",
      "dependencies": {
        "@babel/runtime": "^7.10.1",
        "@rc-component/portal": "^1.0.0-8",
        "classnames": "^2.2.6",
        "rc-motion": "^2.3.0",
        "rc-util": "^5.21.0"
      },
      "peerDependencies": {
        "react": ">=16.9.0",
        "react-dom": ">=16.9.0"
      }
    },
    "node_modules/rc-drawer": {
      "version": "6.5.2",
      "resolved": "https://registry.npmjs.org/rc-drawer/-/rc-drawer-6.5.2.tgz",
      "integrity": "sha512-QckxAnQNdhh4vtmKN0ZwDf3iakO83W9eZcSKWYYTDv4qcD2fHhRAZJJ/OE6v2ZlQ2kSqCJX5gYssF4HJFvsEPQ==",
      "dependencies": {
        "@babel/runtime": "^7.10.1",
        "@rc-component/portal": "^1.1.1",
        "classnames": "^2.2.6",
        "rc-motion": "^2.6.1",
        "rc-util": "^5.36.0"
      },
      "peerDependencies": {
        "react": ">=16.9.0",
        "react-dom": ">=16.9.0"
      }
    },
    "node_modules/rc-dropdown": {
      "version": "4.1.0",
      "resolved": "https://registry.npmjs.org/rc-dropdown/-/rc-dropdown-4.1.0.tgz",
      "integrity": "sha512-VZjMunpBdlVzYpEdJSaV7WM7O0jf8uyDjirxXLZRNZ+tAC+NzD3PXPEtliFwGzVwBBdCmGuSqiS9DWcOLxQ9tw==",
      "dependencies": {
        "@babel/runtime": "^7.18.3",
        "@rc-component/trigger": "^1.7.0",
        "classnames": "^2.2.6",
        "rc-util": "^5.17.0"
      },
      "peerDependencies": {
        "react": ">=16.11.0",
        "react-dom": ">=16.11.0"
      }
    },
    "node_modules/rc-field-form": {
      "version": "1.41.0",
      "resolved": "https://registry.npmjs.org/rc-field-form/-/rc-field-form-1.41.0.tgz",
      "integrity": "sha512-k9AS0wmxfJfusWDP/YXWTpteDNaQ4isJx9UKxx4/e8Dub4spFeZ54/EuN2sYrMRID/+hUznPgVZeg+Gf7XSYCw==",
      "dependencies": {
        "@babel/runtime": "^7.18.0",
        "async-validator": "^4.1.0",
        "rc-util": "^5.32.2"
      },
      "engines": {
        "node": ">=8.x"
      },
      "peerDependencies": {
        "react": ">=16.9.0",
        "react-dom": ">=16.9.0"
      }
    },
    "node_modules/rc-image": {
      "version": "7.5.1",
      "resolved": "https://registry.npmjs.org/rc-image/-/rc-image-7.5.1.tgz",
      "integrity": "sha512-Z9loECh92SQp0nSipc0MBuf5+yVC05H/pzC+Nf8xw1BKDFUJzUeehYBjaWlxly8VGBZJcTHYri61Fz9ng1G3Ag==",
      "dependencies": {
        "@babel/runtime": "^7.11.2",
        "@rc-component/portal": "^1.0.2",
        "classnames": "^2.2.6",
        "rc-dialog": "~9.3.4",
        "rc-motion": "^2.6.2",
        "rc-util": "^5.34.1"
      },
      "peerDependencies": {
        "react": ">=16.9.0",
        "react-dom": ">=16.9.0"
      }
    },
    "node_modules/rc-input": {
      "version": "1.3.11",
      "resolved": "https://registry.npmjs.org/rc-input/-/rc-input-1.3.11.tgz",
      "integrity": "sha512-jhH7QP5rILanSHCGSUkdoFE5DEtpv8FIseYhuYkOZzUBeiVAiwM3q26YqZ6xBB0QFEZ/yUAgms4xW4iuub3xFQ==",
      "dependencies": {
        "@babel/runtime": "^7.11.1",
        "classnames": "^2.2.1",
        "rc-util": "^5.18.1"
      },
      "peerDependencies": {
        "react": ">=16.0.0",
        "react-dom": ">=16.0.0"
      }
    },
    "node_modules/rc-input-number": {
      "version": "8.4.0",
      "resolved": "https://registry.npmjs.org/rc-input-number/-/rc-input-number-8.4.0.tgz",
      "integrity": "sha512-B6rziPOLRmeP7kcS5qbdC5hXvvDHYKV4vUxmahevYx2E6crS2bRi0xLDjhJ0E1HtOWo8rTmaE2EBJAkTCZOLdA==",
      "dependencies": {
        "@babel/runtime": "^7.10.1",
        "@rc-component/mini-decimal": "^1.0.1",
        "classnames": "^2.2.5",
        "rc-input": "~1.3.5",
        "rc-util": "^5.28.0"
      },
      "peerDependencies": {
        "react": ">=16.9.0",
        "react-dom": ">=16.9.0"
      }
    },
    "node_modules/rc-mentions": {
      "version": "2.9.1",
      "resolved": "https://registry.npmjs.org/rc-mentions/-/rc-mentions-2.9.1.tgz",
      "integrity": "sha512-cZuElWr/5Ws0PXx1uxobxfYh4mqUw2FitfabR62YnWgm+WAfDyXZXqZg5DxXW+M1cgVvntrQgDDd9LrihrXzew==",
      "dependencies": {
        "@babel/runtime": "^7.22.5",
        "@rc-component/trigger": "^1.5.0",
        "classnames": "^2.2.6",
        "rc-input": "~1.3.5",
        "rc-menu": "~9.12.0",
        "rc-textarea": "~1.5.0",
        "rc-util": "^5.34.1"
      },
      "peerDependencies": {
        "react": ">=16.9.0",
        "react-dom": ">=16.9.0"
      }
    },
    "node_modules/rc-menu": {
      "version": "9.12.4",
      "resolved": "https://registry.npmjs.org/rc-menu/-/rc-menu-9.12.4.tgz",
      "integrity": "sha512-t2NcvPLV1mFJzw4F21ojOoRVofK2rWhpKPx69q2raUsiHPDP6DDevsBILEYdsIegqBeSXoWs2bf6CueBKg3BFg==",
      "dependencies": {
        "@babel/runtime": "^7.10.1",
        "@rc-component/trigger": "^1.17.0",
        "classnames": "2.x",
        "rc-motion": "^2.4.3",
        "rc-overflow": "^1.3.1",
        "rc-util": "^5.27.0"
      },
      "peerDependencies": {
        "react": ">=16.9.0",
        "react-dom": ">=16.9.0"
      }
    },
    "node_modules/rc-motion": {
      "version": "2.9.0",
      "resolved": "https://registry.npmjs.org/rc-motion/-/rc-motion-2.9.0.tgz",
      "integrity": "sha512-XIU2+xLkdIr1/h6ohPZXyPBMvOmuyFZQ/T0xnawz+Rh+gh4FINcnZmMT5UTIj6hgI0VLDjTaPeRd+smJeSPqiQ==",
      "dependencies": {
        "@babel/runtime": "^7.11.1",
        "classnames": "^2.2.1",
        "rc-util": "^5.21.0"
      },
      "peerDependencies": {
        "react": ">=16.9.0",
        "react-dom": ">=16.9.0"
      }
    },
    "node_modules/rc-notification": {
      "version": "5.3.0",
      "resolved": "https://registry.npmjs.org/rc-notification/-/rc-notification-5.3.0.tgz",
      "integrity": "sha512-WCf0uCOkZ3HGfF0p1H4Sgt7aWfipxORWTPp7o6prA3vxwtWhtug3GfpYls1pnBp4WA+j8vGIi5c2/hQRpGzPcQ==",
      "dependencies": {
        "@babel/runtime": "^7.10.1",
        "classnames": "2.x",
        "rc-motion": "^2.9.0",
        "rc-util": "^5.20.1"
      },
      "engines": {
        "node": ">=8.x"
      },
      "peerDependencies": {
        "react": ">=16.9.0",
        "react-dom": ">=16.9.0"
      }
    },
    "node_modules/rc-overflow": {
      "version": "1.3.2",
      "resolved": "https://registry.npmjs.org/rc-overflow/-/rc-overflow-1.3.2.tgz",
      "integrity": "sha512-nsUm78jkYAoPygDAcGZeC2VwIg/IBGSodtOY3pMof4W3M9qRJgqaDYm03ZayHlde3I6ipliAxbN0RUcGf5KOzw==",
      "dependencies": {
        "@babel/runtime": "^7.11.1",
        "classnames": "^2.2.1",
        "rc-resize-observer": "^1.0.0",
        "rc-util": "^5.37.0"
      },
      "peerDependencies": {
        "react": ">=16.9.0",
        "react-dom": ">=16.9.0"
      }
    },
    "node_modules/rc-pagination": {
      "version": "4.0.4",
      "resolved": "https://registry.npmjs.org/rc-pagination/-/rc-pagination-4.0.4.tgz",
      "integrity": "sha512-GGrLT4NgG6wgJpT/hHIpL9nELv27A1XbSZzECIuQBQTVSf4xGKxWr6I/jhpRPauYEWEbWVw22ObG6tJQqwJqWQ==",
      "dependencies": {
        "@babel/runtime": "^7.10.1",
        "classnames": "^2.3.2",
        "rc-util": "^5.38.0"
      },
      "peerDependencies": {
        "react": ">=16.9.0",
        "react-dom": ">=16.9.0"
      }
    },
    "node_modules/rc-picker": {
      "version": "3.14.6",
      "resolved": "https://registry.npmjs.org/rc-picker/-/rc-picker-3.14.6.tgz",
      "integrity": "sha512-AdKKW0AqMwZsKvIpwUWDUnpuGKZVrbxVTZTNjcO+pViGkjC1EBcjMgxVe8tomOEaIHJL5Gd13vS8Rr3zzxWmag==",
      "dependencies": {
        "@babel/runtime": "^7.10.1",
        "@rc-component/trigger": "^1.5.0",
        "classnames": "^2.2.1",
        "rc-util": "^5.30.0"
      },
      "engines": {
        "node": ">=8.x"
      },
      "peerDependencies": {
        "date-fns": ">= 2.x",
        "dayjs": ">= 1.x",
        "luxon": ">= 3.x",
        "moment": ">= 2.x",
        "react": ">=16.9.0",
        "react-dom": ">=16.9.0"
      },
      "peerDependenciesMeta": {
        "date-fns": {
          "optional": true
        },
        "dayjs": {
          "optional": true
        },
        "luxon": {
          "optional": true
        },
        "moment": {
          "optional": true
        }
      }
    },
    "node_modules/rc-progress": {
      "version": "3.5.1",
      "resolved": "https://registry.npmjs.org/rc-progress/-/rc-progress-3.5.1.tgz",
      "integrity": "sha512-V6Amx6SbLRwPin/oD+k1vbPrO8+9Qf8zW1T8A7o83HdNafEVvAxPV5YsgtKFP+Ud5HghLj33zKOcEHrcrUGkfw==",
      "dependencies": {
        "@babel/runtime": "^7.10.1",
        "classnames": "^2.2.6",
        "rc-util": "^5.16.1"
      },
      "peerDependencies": {
        "react": ">=16.9.0",
        "react-dom": ">=16.9.0"
      }
    },
    "node_modules/rc-rate": {
      "version": "2.12.0",
      "resolved": "https://registry.npmjs.org/rc-rate/-/rc-rate-2.12.0.tgz",
      "integrity": "sha512-g092v5iZCdVzbjdn28FzvWebK2IutoVoiTeqoLTj9WM7SjA/gOJIw5/JFZMRyJYYVe1jLAU2UhAfstIpCNRozg==",
      "dependencies": {
        "@babel/runtime": "^7.10.1",
        "classnames": "^2.2.5",
        "rc-util": "^5.0.1"
      },
      "engines": {
        "node": ">=8.x"
      },
      "peerDependencies": {
        "react": ">=16.9.0",
        "react-dom": ">=16.9.0"
      }
    },
    "node_modules/rc-resize-observer": {
      "version": "1.4.0",
      "resolved": "https://registry.npmjs.org/rc-resize-observer/-/rc-resize-observer-1.4.0.tgz",
      "integrity": "sha512-PnMVyRid9JLxFavTjeDXEXo65HCRqbmLBw9xX9gfC4BZiSzbLXKzW3jPz+J0P71pLbD5tBMTT+mkstV5gD0c9Q==",
      "dependencies": {
        "@babel/runtime": "^7.20.7",
        "classnames": "^2.2.1",
        "rc-util": "^5.38.0",
        "resize-observer-polyfill": "^1.5.1"
      },
      "peerDependencies": {
        "react": ">=16.9.0",
        "react-dom": ">=16.9.0"
      }
    },
    "node_modules/rc-segmented": {
      "version": "2.2.2",
      "resolved": "https://registry.npmjs.org/rc-segmented/-/rc-segmented-2.2.2.tgz",
      "integrity": "sha512-Mq52M96QdHMsNdE/042ibT5vkcGcD5jxKp7HgPC2SRofpia99P5fkfHy1pEaajLMF/kj0+2Lkq1UZRvqzo9mSA==",
      "dependencies": {
        "@babel/runtime": "^7.11.1",
        "classnames": "^2.2.1",
        "rc-motion": "^2.4.4",
        "rc-util": "^5.17.0"
      },
      "peerDependencies": {
        "react": ">=16.0.0",
        "react-dom": ">=16.0.0"
      }
    },
    "node_modules/rc-select": {
      "version": "14.10.0",
      "resolved": "https://registry.npmjs.org/rc-select/-/rc-select-14.10.0.tgz",
      "integrity": "sha512-TsIJTYafTTapCA32LLNpx/AD6ntepR1TG8jEVx35NiAAWCPymhUfuca8kRcUNd3WIGVMDcMKn9kkphoxEz+6Ag==",
      "dependencies": {
        "@babel/runtime": "^7.10.1",
        "@rc-component/trigger": "^1.5.0",
        "classnames": "2.x",
        "rc-motion": "^2.0.1",
        "rc-overflow": "^1.3.1",
        "rc-util": "^5.16.1",
        "rc-virtual-list": "^3.5.2"
      },
      "engines": {
        "node": ">=8.x"
      },
      "peerDependencies": {
        "react": "*",
        "react-dom": "*"
      }
    },
    "node_modules/rc-slider": {
      "version": "10.5.0",
      "resolved": "https://registry.npmjs.org/rc-slider/-/rc-slider-10.5.0.tgz",
      "integrity": "sha512-xiYght50cvoODZYI43v3Ylsqiw14+D7ELsgzR40boDZaya1HFa1Etnv9MDkQE8X/UrXAffwv2AcNAhslgYuDTw==",
      "dependencies": {
        "@babel/runtime": "^7.10.1",
        "classnames": "^2.2.5",
        "rc-util": "^5.27.0"
      },
      "engines": {
        "node": ">=8.x"
      },
      "peerDependencies": {
        "react": ">=16.9.0",
        "react-dom": ">=16.9.0"
      }
    },
    "node_modules/rc-steps": {
      "version": "6.0.1",
      "resolved": "https://registry.npmjs.org/rc-steps/-/rc-steps-6.0.1.tgz",
      "integrity": "sha512-lKHL+Sny0SeHkQKKDJlAjV5oZ8DwCdS2hFhAkIjuQt1/pB81M0cA0ErVFdHq9+jmPmFw1vJB2F5NBzFXLJxV+g==",
      "dependencies": {
        "@babel/runtime": "^7.16.7",
        "classnames": "^2.2.3",
        "rc-util": "^5.16.1"
      },
      "engines": {
        "node": ">=8.x"
      },
      "peerDependencies": {
        "react": ">=16.9.0",
        "react-dom": ">=16.9.0"
      }
    },
    "node_modules/rc-switch": {
      "version": "4.1.0",
      "resolved": "https://registry.npmjs.org/rc-switch/-/rc-switch-4.1.0.tgz",
      "integrity": "sha512-TI8ufP2Az9oEbvyCeVE4+90PDSljGyuwix3fV58p7HV2o4wBnVToEyomJRVyTaZeqNPAp+vqeo4Wnj5u0ZZQBg==",
      "dependencies": {
        "@babel/runtime": "^7.21.0",
        "classnames": "^2.2.1",
        "rc-util": "^5.30.0"
      },
      "peerDependencies": {
        "react": ">=16.9.0",
        "react-dom": ">=16.9.0"
      }
    },
    "node_modules/rc-table": {
      "version": "7.36.1",
      "resolved": "https://registry.npmjs.org/rc-table/-/rc-table-7.36.1.tgz",
      "integrity": "sha512-9qMxEm/3Y8ukdW8I8ZvmhX0QImfNKzH0JEUlSbyaUlsYTB+/tQEbfaB8YkG4sHVZ1io4pxqK/BXoZYqebi/TIQ==",
      "dependencies": {
        "@babel/runtime": "^7.10.1",
        "@rc-component/context": "^1.4.0",
        "classnames": "^2.2.5",
        "rc-resize-observer": "^1.1.0",
        "rc-util": "^5.37.0",
        "rc-virtual-list": "^3.11.1"
      },
      "engines": {
        "node": ">=8.x"
      },
      "peerDependencies": {
        "react": ">=16.9.0",
        "react-dom": ">=16.9.0"
      }
    },
    "node_modules/rc-tabs": {
      "version": "12.14.1",
      "resolved": "https://registry.npmjs.org/rc-tabs/-/rc-tabs-12.14.1.tgz",
      "integrity": "sha512-1xlE7JQNYxD5RwBsM7jf2xSdUrkmTSDFLFEm2gqAgnsRlOGydEzXXNAVTOT6QcgM1G/gCm+AgG+FYPUGb4Hs4g==",
      "dependencies": {
        "@babel/runtime": "^7.11.2",
        "classnames": "2.x",
        "rc-dropdown": "~4.1.0",
        "rc-menu": "~9.12.0",
        "rc-motion": "^2.6.2",
        "rc-resize-observer": "^1.0.0",
        "rc-util": "^5.34.1"
      },
      "engines": {
        "node": ">=8.x"
      },
      "peerDependencies": {
        "react": ">=16.9.0",
        "react-dom": ">=16.9.0"
      }
    },
    "node_modules/rc-textarea": {
      "version": "1.5.3",
      "resolved": "https://registry.npmjs.org/rc-textarea/-/rc-textarea-1.5.3.tgz",
      "integrity": "sha512-oH682ghHx++stFNYrosPRBfwsypywrTXpaD0/5Z8MPkUOnyOQUaY9ueL9tMu6BP1LfsuYQ1VLpg5OtshViLNgA==",
      "dependencies": {
        "@babel/runtime": "^7.10.1",
        "classnames": "^2.2.1",
        "rc-input": "~1.3.5",
        "rc-resize-observer": "^1.0.0",
        "rc-util": "^5.27.0"
      },
      "peerDependencies": {
        "react": ">=16.9.0",
        "react-dom": ">=16.9.0"
      }
    },
    "node_modules/rc-tooltip": {
      "version": "6.1.3",
      "resolved": "https://registry.npmjs.org/rc-tooltip/-/rc-tooltip-6.1.3.tgz",
      "integrity": "sha512-HMSbSs5oieZ7XddtINUddBLSVgsnlaSb3bZrzzGWjXa7/B7nNedmsuz72s7EWFEro9mNa7RyF3gOXKYqvJiTcQ==",
      "dependencies": {
        "@babel/runtime": "^7.11.2",
        "@rc-component/trigger": "^1.18.0",
        "classnames": "^2.3.1"
      },
      "peerDependencies": {
        "react": ">=16.9.0",
        "react-dom": ">=16.9.0"
      }
    },
    "node_modules/rc-tree": {
      "version": "5.8.2",
      "resolved": "https://registry.npmjs.org/rc-tree/-/rc-tree-5.8.2.tgz",
      "integrity": "sha512-xH/fcgLHWTLmrSuNphU8XAqV7CdaOQgm4KywlLGNoTMhDAcNR3GVNP6cZzb0GrKmIZ9yae+QLot/cAgUdPRMzg==",
      "dependencies": {
        "@babel/runtime": "^7.10.1",
        "classnames": "2.x",
        "rc-motion": "^2.0.1",
        "rc-util": "^5.16.1",
        "rc-virtual-list": "^3.5.1"
      },
      "engines": {
        "node": ">=10.x"
      },
      "peerDependencies": {
        "react": "*",
        "react-dom": "*"
      }
    },
    "node_modules/rc-tree-select": {
      "version": "5.15.0",
      "resolved": "https://registry.npmjs.org/rc-tree-select/-/rc-tree-select-5.15.0.tgz",
      "integrity": "sha512-YJHfdO6azFnR0/JuNBZLDptGE4/RGfVeHAafUIYcm2T3RBkL1O8aVqiHvwIyLzdK59ry0NLrByd+3TkfpRM+9Q==",
      "dependencies": {
        "@babel/runtime": "^7.10.1",
        "classnames": "2.x",
        "rc-select": "~14.10.0",
        "rc-tree": "~5.8.1",
        "rc-util": "^5.16.1"
      },
      "peerDependencies": {
        "react": "*",
        "react-dom": "*"
      }
    },
    "node_modules/rc-upload": {
      "version": "4.5.2",
      "resolved": "https://registry.npmjs.org/rc-upload/-/rc-upload-4.5.2.tgz",
      "integrity": "sha512-QO3ne77DwnAPKFn0bA5qJM81QBjQi0e0NHdkvpFyY73Bea2NfITiotqJqVjHgeYPOJu5lLVR32TNGP084aSoXA==",
      "dependencies": {
        "@babel/runtime": "^7.18.3",
        "classnames": "^2.2.5",
        "rc-util": "^5.2.0"
      },
      "peerDependencies": {
        "react": ">=16.9.0",
        "react-dom": ">=16.9.0"
      }
    },
    "node_modules/rc-util": {
      "version": "5.38.1",
      "resolved": "https://registry.npmjs.org/rc-util/-/rc-util-5.38.1.tgz",
      "integrity": "sha512-e4ZMs7q9XqwTuhIK7zBIVFltUtMSjphuPPQXHoHlzRzNdOwUxDejo0Zls5HYaJfRKNURcsS/ceKVULlhjBrxng==",
      "dependencies": {
        "@babel/runtime": "^7.18.3",
        "react-is": "^18.2.0"
      },
      "peerDependencies": {
        "react": ">=16.9.0",
        "react-dom": ">=16.9.0"
      }
    },
    "node_modules/rc-virtual-list": {
      "version": "3.11.3",
      "resolved": "https://registry.npmjs.org/rc-virtual-list/-/rc-virtual-list-3.11.3.tgz",
      "integrity": "sha512-tu5UtrMk/AXonHwHxUogdXAWynaXsrx1i6dsgg+lOo/KJSF8oBAcprh1z5J3xgnPJD5hXxTL58F8s8onokdt0Q==",
      "dependencies": {
        "@babel/runtime": "^7.20.0",
        "classnames": "^2.2.6",
        "rc-resize-observer": "^1.0.0",
        "rc-util": "^5.36.0"
      },
      "engines": {
        "node": ">=8.x"
      },
      "peerDependencies": {
        "react": "*",
        "react-dom": "*"
      }
    },
    "node_modules/react": {
      "version": "18.2.0",
      "resolved": "https://registry.npmjs.org/react/-/react-18.2.0.tgz",
      "integrity": "sha512-/3IjMdb2L9QbBdWiW5e3P2/npwMBaU9mHCSCUzNln0ZCYbcfTsGbTJrU/kGemdH2IWmB2ioZ+zkxtmq6g09fGQ==",
      "dependencies": {
        "loose-envify": "^1.1.0"
      },
      "engines": {
        "node": ">=0.10.0"
      }
    },
    "node_modules/react-dom": {
      "version": "18.2.0",
      "resolved": "https://registry.npmjs.org/react-dom/-/react-dom-18.2.0.tgz",
      "integrity": "sha512-6IMTriUmvsjHUjNtEDudZfuDQUoWXVxKHhlEGSk81n4YFS+r/Kl99wXiwlVXtPBtJenozv2P+hxDsw9eA7Xo6g==",
      "peer": true,
      "dependencies": {
        "loose-envify": "^1.1.0",
        "scheduler": "^0.23.0"
      },
      "peerDependencies": {
        "react": "^18.2.0"
      }
    },
    "node_modules/react-is": {
      "version": "18.2.0",
      "resolved": "https://registry.npmjs.org/react-is/-/react-is-18.2.0.tgz",
      "integrity": "sha512-xWGDIW6x921xtzPkhiULtthJHoJvBbF3q26fzloPCK0hsvxtPVelvftw3zjbHWSkR2km9Z+4uxbDDK/6Zw9B8w=="
    },
    "node_modules/react-router": {
      "version": "6.21.1",
      "resolved": "https://registry.npmjs.org/react-router/-/react-router-6.21.1.tgz",
      "integrity": "sha512-W0l13YlMTm1YrpVIOpjCADJqEUpz1vm+CMo47RuFX4Ftegwm6KOYsL5G3eiE52jnJpKvzm6uB/vTKTPKM8dmkA==",
      "dependencies": {
        "@remix-run/router": "1.14.1"
      },
      "engines": {
        "node": ">=14.0.0"
      },
      "peerDependencies": {
        "react": ">=16.8"
      }
    },
    "node_modules/react-router-dom": {
      "version": "6.21.1",
      "resolved": "https://registry.npmjs.org/react-router-dom/-/react-router-dom-6.21.1.tgz",
      "integrity": "sha512-QCNrtjtDPwHDO+AO21MJd7yIcr41UetYt5jzaB9Y1UYaPTCnVuJq6S748g1dE11OQlCFIQg+RtAA1SEZIyiBeA==",
      "dependencies": {
        "@remix-run/router": "1.14.1",
        "react-router": "6.21.1"
      },
      "engines": {
        "node": ">=14.0.0"
      },
      "peerDependencies": {
        "react": ">=16.8",
        "react-dom": ">=16.8"
      }
    },
    "node_modules/regenerator-runtime": {
      "version": "0.14.1",
      "resolved": "https://registry.npmjs.org/regenerator-runtime/-/regenerator-runtime-0.14.1.tgz",
      "integrity": "sha512-dYnhHh0nJoMfnkZs6GmmhFknAGRrLznOu5nc9ML+EJxGvrx6H7teuevqVqCuPcPK//3eDrrjQhehXVx9cnkGdw=="
    },
    "node_modules/resize-observer-polyfill": {
      "version": "1.5.1",
      "resolved": "https://registry.npmjs.org/resize-observer-polyfill/-/resize-observer-polyfill-1.5.1.tgz",
      "integrity": "sha512-LwZrotdHOo12nQuZlHEmtuXdqGoOD0OhaxopaNFxWzInpEgaLWoVuAMbTzixuosCx2nEG58ngzW3vxdWoxIgdg=="
    },
    "node_modules/router": {
      "version": "1.3.8",
      "resolved": "https://registry.npmjs.org/router/-/router-1.3.8.tgz",
      "integrity": "sha512-461UFH44NtSfIlS83PUg2N7OZo86BC/kB3dY77gJdsODsBhhw7+2uE0tzTINxrY9CahCUVk1VhpWCA5i1yoIEg==",
      "dependencies": {
        "array-flatten": "3.0.0",
        "debug": "2.6.9",
        "methods": "~1.1.2",
        "parseurl": "~1.3.3",
        "path-to-regexp": "0.1.7",
        "setprototypeof": "1.2.0",
        "utils-merge": "1.0.1"
      },
      "engines": {
        "node": ">= 0.8"
      }
    },
    "node_modules/scheduler": {
      "version": "0.23.0",
      "resolved": "https://registry.npmjs.org/scheduler/-/scheduler-0.23.0.tgz",
      "integrity": "sha512-CtuThmgHNg7zIZWAXi3AsyIzA3n4xx7aNyjwC2VJldO2LMVDhFK+63xGqq6CsJH4rTAt6/M+N4GhZiDYPx9eUw==",
      "peer": true,
      "dependencies": {
        "loose-envify": "^1.1.0"
      }
    },
    "node_modules/scroll-into-view-if-needed": {
      "version": "3.1.0",
      "resolved": "https://registry.npmjs.org/scroll-into-view-if-needed/-/scroll-into-view-if-needed-3.1.0.tgz",
      "integrity": "sha512-49oNpRjWRvnU8NyGVmUaYG4jtTkNonFZI86MmGRDqBphEK2EXT9gdEUoQPZhuBM8yWHxCWbobltqYO5M4XrUvQ==",
      "dependencies": {
        "compute-scroll-into-view": "^3.0.2"
      }
    },
    "node_modules/setprototypeof": {
      "version": "1.2.0",
      "resolved": "https://registry.npmjs.org/setprototypeof/-/setprototypeof-1.2.0.tgz",
      "integrity": "sha512-E5LDX7Wrp85Kil5bhZv46j8jOeboKq5JMmYM3gVGdGH8xFpPWXUMsNrlODCrkoxMEeNi/XZIwuRvY4XNwYMJpw=="
    },
    "node_modules/string-convert": {
      "version": "0.2.1",
      "resolved": "https://registry.npmjs.org/string-convert/-/string-convert-0.2.1.tgz",
      "integrity": "sha512-u/1tdPl4yQnPBjnVrmdLo9gtuLvELKsAoRapekWggdiQNvvvum+jYF329d84NAa660KQw7pB2n36KrIKVoXa3A=="
    },
    "node_modules/stylis": {
      "version": "4.3.1",
      "resolved": "https://registry.npmjs.org/stylis/-/stylis-4.3.1.tgz",
      "integrity": "sha512-EQepAV+wMsIaGVGX1RECzgrcqRRU/0sYOHkeLsZ3fzHaHXZy4DaOOX0vOlGQdlsjkh3mFHAIlVimpwAs4dslyQ=="
    },
    "node_modules/throttle-debounce": {
      "version": "5.0.0",
      "resolved": "https://registry.npmjs.org/throttle-debounce/-/throttle-debounce-5.0.0.tgz",
      "integrity": "sha512-2iQTSgkkc1Zyk0MeVrt/3BvuOXYPl/R8Z0U2xxo9rjwNciaHDG3R+Lm6dh4EeUci49DanvBnuqI6jshoQQRGEg==",
      "engines": {
        "node": ">=12.22"
      }
    },
    "node_modules/toggle-selection": {
      "version": "1.0.6",
      "resolved": "https://registry.npmjs.org/toggle-selection/-/toggle-selection-1.0.6.tgz",
      "integrity": "sha512-BiZS+C1OS8g/q2RRbJmy59xpyghNBqrr6k5L/uKBGRsTfxmu3ffiRnd8mlGPUVayg8pvfi5urfnu8TU7DVOkLQ=="
    },
    "node_modules/utils-merge": {
      "version": "1.0.1",
      "resolved": "https://registry.npmjs.org/utils-merge/-/utils-merge-1.0.1.tgz",
      "integrity": "sha512-pMZTvIkT1d+TFGvDOqodOclx0QWkkgi6Tdoa8gC8ffGAAqz9pzPTZWAybbsHHoED/ztMtkv/VoYTYyShUn81hA==",
      "engines": {
        "node": ">= 0.4.0"
      }
    }
  }
}
